
Microsoft Visual Studio Solution File, Format Version 12.00
# Visual Studio Version 17
VisualStudioVersion = 17.11.35303.130
MinimumVisualStudioVersion = 10.0.40219.1
Project("{FAE04EC0-301F-11D3-BF4B-00C04F79EFBC}") = "Core", "Core\Core.csproj", "{3552E715-D039-44BC-B110-CC922C98C834}"
EndProject
Project("{FAE04EC0-301F-11D3-BF4B-00C04F79EFBC}") = "Application", "Application\Application.csproj", "{BFEB6F07-5264-44F6-B685-E798CC47D833}"
EndProject
Project("{FAE04EC0-301F-11D3-BF4B-00C04F79EFBC}") = "Infrastructure", "Infrastructure\Infrastructure.csproj", "{63D26201-21CA-4DDE-BC60-186B965B4B8E}"
EndProject
Project("{FAE04EC0-301F-11D3-BF4B-00C04F79EFBC}") = "WebApi", "WebApi\WebApi.csproj", "{EFDBD00B-6368-4D71-AEFD-CBE006ECA589}"
EndProject
Global
	GlobalSection(SolutionConfigurationPlatforms) = preSolution
		Debug|Any CPU = Debug|Any CPU
		Release|Any CPU = Release|Any CPU
	EndGlobalSection
	GlobalSection(ProjectConfigurationPlatforms) = postSolution
		{3552E715-D039-44BC-B110-CC922C98C834}.Debug|Any CPU.ActiveCfg = Debug|Any CPU
		{3552E715-D039-44BC-B110-CC922C98C834}.Debug|Any CPU.Build.0 = Debug|Any CPU
		{3552E715-D039-44BC-B110-CC922C98C834}.Release|Any CPU.ActiveCfg = Release|Any CPU
		{3552E715-D039-44BC-B110-CC922C98C834}.Release|Any CPU.Build.0 = Release|Any CPU
		{BFEB6F07-5264-44F6-B685-E798CC47D833}.Debug|Any CPU.ActiveCfg = Debug|Any CPU
		{BFEB6F07-5264-44F6-B685-E798CC47D833}.Debug|Any CPU.Build.0 = Debug|Any CPU
		{BFEB6F07-5264-44F6-B685-E798CC47D833}.Release|Any CPU.ActiveCfg = Release|Any CPU
		{BFEB6F07-5264-44F6-B685-E798CC47D833}.Release|Any CPU.Build.0 = Release|Any CPU
		{63D26201-21CA-4DDE-BC60-186B965B4B8E}.Debug|Any CPU.ActiveCfg = Debug|Any CPU
		{63D26201-21CA-4DDE-BC60-186B965B4B8E}.Debug|Any CPU.Build.0 = Debug|Any CPU
		{63D26201-21CA-4DDE-BC60-186B965B4B8E}.Release|Any CPU.ActiveCfg = Release|Any CPU
		{63D26201-21CA-4DDE-BC60-186B965B4B8E}.Release|Any CPU.Build.0 = Release|Any CPU
		{EFDBD00B-6368-4D71-AEFD-CBE006ECA589}.Debug|Any CPU.ActiveCfg = Debug|Any CPU
		{EFDBD00B-6368-4D71-AEFD-CBE006ECA589}.Debug|Any CPU.Build.0 = Debug|Any CPU
		{EFDBD00B-6368-4D71-AEFD-CBE006ECA589}.Release|Any CPU.ActiveCfg = Release|Any CPU
		{EFDBD00B-6368-4D71-AEFD-CBE006ECA589}.Release|Any CPU.Build.0 = Release|Any CPU
	EndGlobalSection
	GlobalSection(SolutionProperties) = preSolution
		HideSolutionNode = FALSE
	EndGlobalSection
	GlobalSection(ExtensibilityGlobals) = postSolution
		SolutionGuid = {744F0A35-BA74-4DD4-8C42-56C0972F50BC}
	EndGlobalSection
EndGlobal
